// !$*UTF8*$!
{
	archiveVersion = 1;
	classes = {
	};
	objectVersion = 46;
	objects = {

/* Begin PBXBuildFile section */
		70666F1228AC82F0F21B7D6C /* Pods_VieTaxi_Chofer.framework in Frameworks */ = {isa = PBXBuildFile; fileRef = C299C347621EAFFBBFE72E4C /* Pods_VieTaxi_Chofer.framework */; };
		844F0E681E0A6F7A00C04575 /* libCardIO.a in Frameworks */ = {isa = PBXBuildFile; fileRef = 844F0E641E0A6F7A00C04575 /* libCardIO.a */; };
		844F0E691E0A6F7A00C04575 /* libopencv_imgproc.a in Frameworks */ = {isa = PBXBuildFile; fileRef = 844F0E651E0A6F7A00C04575 /* libopencv_imgproc.a */; };
		844F0E6A1E0A6F7A00C04575 /* libPayPalMobile.a in Frameworks */ = {isa = PBXBuildFile; fileRef = 844F0E661E0A6F7A00C04575 /* libPayPalMobile.a */; };
		844F0E6B1E0A6F7A00C04575 /* PagoController.a in Frameworks */ = {isa = PBXBuildFile; fileRef = 844F0E671E0A6F7A00C04575 /* PagoController.a */; };
		844F0E6D1E0A709400C04575 /* VieTaxi-Bridging-Header.h in Resources */ = {isa = PBXBuildFile; fileRef = 844F0E6C1E0A6FB000C04575 /* VieTaxi-Bridging-Header.h */; };
		844F0E6F1E0A716700C04575 /* EvironmentController.swift in Sources */ = {isa = PBXBuildFile; fileRef = 844F0E6E1E0A716700C04575 /* EvironmentController.swift */; };
		847A31C11E0385C300F29F22 /* AppDelegate.swift in Sources */ = {isa = PBXBuildFile; fileRef = 847A31C01E0385C300F29F22 /* AppDelegate.swift */; };
		847A31C61E0385C300F29F22 /* Main.storyboard in Resources */ = {isa = PBXBuildFile; fileRef = 847A31C41E0385C300F29F22 /* Main.storyboard */; };
		847A31C91E0385C300F29F22 /* VieTaxi_Chofer.xcdatamodeld in Sources */ = {isa = PBXBuildFile; fileRef = 847A31C71E0385C300F29F22 /* VieTaxi_Chofer.xcdatamodeld */; };
		847A31CB1E0385C300F29F22 /* Assets.xcassets in Resources */ = {isa = PBXBuildFile; fileRef = 847A31CA1E0385C300F29F22 /* Assets.xcassets */; };
		847A31CE1E0385C300F29F22 /* LaunchScreen.storyboard in Resources */ = {isa = PBXBuildFile; fileRef = 847A31CC1E0385C300F29F22 /* LaunchScreen.storyboard */; };
		847A31D91E0385C400F29F22 /* VieTaxi_ChoferTests.swift in Sources */ = {isa = PBXBuildFile; fileRef = 847A31D81E0385C400F29F22 /* VieTaxi_ChoferTests.swift */; };
		847A31E41E0385C400F29F22 /* VieTaxi_ChoferUITests.swift in Sources */ = {isa = PBXBuildFile; fileRef = 847A31E31E0385C400F29F22 /* VieTaxi_ChoferUITests.swift */; };
		847A31F91E03871E00F29F22 /* GoogleMapsDirections.swift in Sources */ = {isa = PBXBuildFile; fileRef = 847A31F11E03871E00F29F22 /* GoogleMapsDirections.swift */; };
		847A31FA1E03871E00F29F22 /* GoogleMapsExtension.swift in Sources */ = {isa = PBXBuildFile; fileRef = 847A31F21E03871E00F29F22 /* GoogleMapsExtension.swift */; };
		847A31FB1E03871E00F29F22 /* Helpers.swift in Sources */ = {isa = PBXBuildFile; fileRef = 847A31F31E03871E00F29F22 /* Helpers.swift */; };
		847A31FC1E03871E00F29F22 /* LoginController.swift in Sources */ = {isa = PBXBuildFile; fileRef = 847A31F41E03871E00F29F22 /* LoginController.swift */; };
		847A31FD1E03871E00F29F22 /* ProfileController.swift in Sources */ = {isa = PBXBuildFile; fileRef = 847A31F51E03871E00F29F22 /* ProfileController.swift */; };
		847A31FE1E03871E00F29F22 /* RegisterController.swift in Sources */ = {isa = PBXBuildFile; fileRef = 847A31F61E03871E00F29F22 /* RegisterController.swift */; };
		847A31FF1E03871E00F29F22 /* TabBarSelectedController.swift in Sources */ = {isa = PBXBuildFile; fileRef = 847A31F71E03871E00F29F22 /* TabBarSelectedController.swift */; };
		847A32001E03871E00F29F22 /* ViajesController.swift in Sources */ = {isa = PBXBuildFile; fileRef = 847A31F81E03871E00F29F22 /* ViajesController.swift */; };
		847A32041E03974400F29F22 /* client_613016079364-g6425l1mrlu5nvkra04kgcuqbekg7g87.apps.googleusercontent.com.plist in Resources */ = {isa = PBXBuildFile; fileRef = 847A32031E03974400F29F22 /* client_613016079364-g6425l1mrlu5nvkra04kgcuqbekg7g87.apps.googleusercontent.com.plist */; };
		848B568E1E0469A70027983E /* CarController.swift in Sources */ = {isa = PBXBuildFile; fileRef = 848B568D1E0469A60027983E /* CarController.swift */; };
		848D0FF11E15650D00AA617E /* PhoneController.swift in Sources */ = {isa = PBXBuildFile; fileRef = 848D0FF01E15650D00AA617E /* PhoneController.swift */; };
/* End PBXBuildFile section */

/* Begin PBXContainerItemProxy section */
		847A31D51E0385C400F29F22 /* PBXContainerItemProxy */ = {
			isa = PBXContainerItemProxy;
			containerPortal = 847A31B51E0385C300F29F22 /* Project object */;
			proxyType = 1;
			remoteGlobalIDString = 847A31BC1E0385C300F29F22;
			remoteInfo = "VieTaxi-Chofer";
		};
		847A31E01E0385C400F29F22 /* PBXContainerItemProxy */ = {
			isa = PBXContainerItemProxy;
			containerPortal = 847A31B51E0385C300F29F22 /* Project object */;
			proxyType = 1;
			remoteGlobalIDString = 847A31BC1E0385C300F29F22;
			remoteInfo = "VieTaxi-Chofer";
		};
/* End PBXContainerItemProxy section */

/* Begin PBXFileReference section */
		844F0E641E0A6F7A00C04575 /* libCardIO.a */ = {isa = PBXFileReference; lastKnownFileType = archive.ar; path = libCardIO.a; sourceTree = "<group>"; };
		844F0E651E0A6F7A00C04575 /* libopencv_imgproc.a */ = {isa = PBXFileReference; lastKnownFileType = archive.ar; path = libopencv_imgproc.a; sourceTree = "<group>"; };
		844F0E661E0A6F7A00C04575 /* libPayPalMobile.a */ = {isa = PBXFileReference; lastKnownFileType = archive.ar; path = libPayPalMobile.a; sourceTree = "<group>"; };
		844F0E671E0A6F7A00C04575 /* PagoController.a */ = {isa = PBXFileReference; lastKnownFileType = archive.ar; path = PagoController.a; sourceTree = "<group>"; };
		844F0E6C1E0A6FB000C04575 /* VieTaxi-Bridging-Header.h */ = {isa = PBXFileReference; fileEncoding = 4; lastKnownFileType = sourcecode.c.h; path = "VieTaxi-Bridging-Header.h"; sourceTree = "<group>"; };
		844F0E6E1E0A716700C04575 /* EvironmentController.swift */ = {isa = PBXFileReference; fileEncoding = 4; lastKnownFileType = sourcecode.swift; path = EvironmentController.swift; sourceTree = "<group>"; };
		847A31BD1E0385C300F29F22 /* VieTaxi-Chofer.app */ = {isa = PBXFileReference; explicitFileType = wrapper.application; includeInIndex = 0; path = "VieTaxi-Chofer.app"; sourceTree = BUILT_PRODUCTS_DIR; };
		847A31C01E0385C300F29F22 /* AppDelegate.swift */ = {isa = PBXFileReference; lastKnownFileType = sourcecode.swift; path = AppDelegate.swift; sourceTree = "<group>"; };
		847A31C51E0385C300F29F22 /* Base */ = {isa = PBXFileReference; lastKnownFileType = file.storyboard; name = Base; path = Base.lproj/Main.storyboard; sourceTree = "<group>"; };
		847A31C81E0385C300F29F22 /* VieTaxi_Chofer.xcdatamodel */ = {isa = PBXFileReference; lastKnownFileType = wrapper.xcdatamodel; path = VieTaxi_Chofer.xcdatamodel; sourceTree = "<group>"; };
		847A31CA1E0385C300F29F22 /* Assets.xcassets */ = {isa = PBXFileReference; lastKnownFileType = folder.assetcatalog; path = Assets.xcassets; sourceTree = "<group>"; };
		847A31CD1E0385C300F29F22 /* Base */ = {isa = PBXFileReference; lastKnownFileType = file.storyboard; name = Base; path = Base.lproj/LaunchScreen.storyboard; sourceTree = "<group>"; };
		847A31CF1E0385C300F29F22 /* Info.plist */ = {isa = PBXFileReference; lastKnownFileType = text.plist.xml; path = Info.plist; sourceTree = "<group>"; };
		847A31D41E0385C400F29F22 /* VieTaxi-ChoferTests.xctest */ = {isa = PBXFileReference; explicitFileType = wrapper.cfbundle; includeInIndex = 0; path = "VieTaxi-ChoferTests.xctest"; sourceTree = BUILT_PRODUCTS_DIR; };
		847A31D81E0385C400F29F22 /* VieTaxi_ChoferTests.swift */ = {isa = PBXFileReference; lastKnownFileType = sourcecode.swift; path = VieTaxi_ChoferTests.swift; sourceTree = "<group>"; };
		847A31DA1E0385C400F29F22 /* Info.plist */ = {isa = PBXFileReference; lastKnownFileType = text.plist.xml; path = Info.plist; sourceTree = "<group>"; };
		847A31DF1E0385C400F29F22 /* VieTaxi-ChoferUITests.xctest */ = {isa = PBXFileReference; explicitFileType = wrapper.cfbundle; includeInIndex = 0; path = "VieTaxi-ChoferUITests.xctest"; sourceTree = BUILT_PRODUCTS_DIR; };
		847A31E31E0385C400F29F22 /* VieTaxi_ChoferUITests.swift */ = {isa = PBXFileReference; lastKnownFileType = sourcecode.swift; path = VieTaxi_ChoferUITests.swift; sourceTree = "<group>"; };
		847A31E51E0385C400F29F22 /* Info.plist */ = {isa = PBXFileReference; lastKnownFileType = text.plist.xml; path = Info.plist; sourceTree = "<group>"; };
		847A31F11E03871E00F29F22 /* GoogleMapsDirections.swift */ = {isa = PBXFileReference; fileEncoding = 4; lastKnownFileType = sourcecode.swift; path = GoogleMapsDirections.swift; sourceTree = "<group>"; };
		847A31F21E03871E00F29F22 /* GoogleMapsExtension.swift */ = {isa = PBXFileReference; fileEncoding = 4; lastKnownFileType = sourcecode.swift; path = GoogleMapsExtension.swift; sourceTree = "<group>"; };
		847A31F31E03871E00F29F22 /* Helpers.swift */ = {isa = PBXFileReference; fileEncoding = 4; lastKnownFileType = sourcecode.swift; path = Helpers.swift; sourceTree = "<group>"; };
		847A31F41E03871E00F29F22 /* LoginController.swift */ = {isa = PBXFileReference; fileEncoding = 4; lastKnownFileType = sourcecode.swift; path = LoginController.swift; sourceTree = "<group>"; };
		847A31F51E03871E00F29F22 /* ProfileController.swift */ = {isa = PBXFileReference; fileEncoding = 4; lastKnownFileType = sourcecode.swift; path = ProfileController.swift; sourceTree = "<group>"; };
		847A31F61E03871E00F29F22 /* RegisterController.swift */ = {isa = PBXFileReference; fileEncoding = 4; lastKnownFileType = sourcecode.swift; path = RegisterController.swift; sourceTree = "<group>"; };
		847A31F71E03871E00F29F22 /* TabBarSelectedController.swift */ = {isa = PBXFileReference; fileEncoding = 4; lastKnownFileType = sourcecode.swift; path = TabBarSelectedController.swift; sourceTree = "<group>"; };
		847A31F81E03871E00F29F22 /* ViajesController.swift */ = {isa = PBXFileReference; fileEncoding = 4; lastKnownFileType = sourcecode.swift; path = ViajesController.swift; sourceTree = "<group>"; };
		847A32031E03974400F29F22 /* client_613016079364-g6425l1mrlu5nvkra04kgcuqbekg7g87.apps.googleusercontent.com.plist */ = {isa = PBXFileReference; fileEncoding = 4; lastKnownFileType = text.plist.xml; path = "client_613016079364-g6425l1mrlu5nvkra04kgcuqbekg7g87.apps.googleusercontent.com.plist"; sourceTree = "<group>"; };
		848B568D1E0469A60027983E /* CarController.swift */ = {isa = PBXFileReference; fileEncoding = 4; lastKnownFileType = sourcecode.swift; path = CarController.swift; sourceTree = "<group>"; };
		848D0FF01E15650D00AA617E /* PhoneController.swift */ = {isa = PBXFileReference; fileEncoding = 4; lastKnownFileType = sourcecode.swift; path = PhoneController.swift; sourceTree = "<group>"; };
		B0B32021884A920BE17804D7 /* Pods-VieTaxi-Chofer.debug.xcconfig */ = {isa = PBXFileReference; includeInIndex = 1; lastKnownFileType = text.xcconfig; name = "Pods-VieTaxi-Chofer.debug.xcconfig"; path = "Pods/Target Support Files/Pods-VieTaxi-Chofer/Pods-VieTaxi-Chofer.debug.xcconfig"; sourceTree = "<group>"; };
		C299C347621EAFFBBFE72E4C /* Pods_VieTaxi_Chofer.framework */ = {isa = PBXFileReference; explicitFileType = wrapper.framework; includeInIndex = 0; path = Pods_VieTaxi_Chofer.framework; sourceTree = BUILT_PRODUCTS_DIR; };
		C31123E03F03DD74C3CFD25A /* Pods-VieTaxi-Chofer.release.xcconfig */ = {isa = PBXFileReference; includeInIndex = 1; lastKnownFileType = text.xcconfig; name = "Pods-VieTaxi-Chofer.release.xcconfig"; path = "Pods/Target Support Files/Pods-VieTaxi-Chofer/Pods-VieTaxi-Chofer.release.xcconfig"; sourceTree = "<group>"; };
/* End PBXFileReference section */

/* Begin PBXFrameworksBuildPhase section */
		847A31BA1E0385C300F29F22 /* Frameworks */ = {
			isa = PBXFrameworksBuildPhase;
			buildActionMask = 2147483647;
			files = (
				70666F1228AC82F0F21B7D6C /* Pods_VieTaxi_Chofer.framework in Frameworks */,
				844F0E681E0A6F7A00C04575 /* libCardIO.a in Frameworks */,
				844F0E6B1E0A6F7A00C04575 /* PagoController.a in Frameworks */,
				844F0E6A1E0A6F7A00C04575 /* libPayPalMobile.a in Frameworks */,
				844F0E691E0A6F7A00C04575 /* libopencv_imgproc.a in Frameworks */,
			);
			runOnlyForDeploymentPostprocessing = 0;
		};
		847A31D11E0385C400F29F22 /* Frameworks */ = {
			isa = PBXFrameworksBuildPhase;
			buildActionMask = 2147483647;
			files = (
			);
			runOnlyForDeploymentPostprocessing = 0;
		};
		847A31DC1E0385C400F29F22 /* Frameworks */ = {
			isa = PBXFrameworksBuildPhase;
			buildActionMask = 2147483647;
			files = (
			);
			runOnlyForDeploymentPostprocessing = 0;
		};
/* End PBXFrameworksBuildPhase section */

/* Begin PBXGroup section */
		518C7866A53487C87E2442E6 /* Frameworks */ = {
			isa = PBXGroup;
			children = (
				C299C347621EAFFBBFE72E4C /* Pods_VieTaxi_Chofer.framework */,
			);
			name = Frameworks;
			sourceTree = "<group>";
		};
		847A31B41E0385C300F29F22 = {
			isa = PBXGroup;
			children = (
				847A31BF1E0385C300F29F22 /* VieTaxi-Chofer */,
				847A31D71E0385C400F29F22 /* VieTaxi-ChoferTests */,
				847A31E21E0385C400F29F22 /* VieTaxi-ChoferUITests */,
				847A31BE1E0385C300F29F22 /* Products */,
				C3DE99A94A4CCFB2B4000CB4 /* Pods */,
				518C7866A53487C87E2442E6 /* Frameworks */,
			);
			sourceTree = "<group>";
		};
		847A31BE1E0385C300F29F22 /* Products */ = {
			isa = PBXGroup;
			children = (
				847A31BD1E0385C300F29F22 /* VieTaxi-Chofer.app */,
				847A31D41E0385C400F29F22 /* VieTaxi-ChoferTests.xctest */,
				847A31DF1E0385C400F29F22 /* VieTaxi-ChoferUITests.xctest */,
			);
			name = Products;
			sourceTree = "<group>";
		};
		847A31BF1E0385C300F29F22 /* VieTaxi-Chofer */ = {
			isa = PBXGroup;
			children = (
				847A32011E03872700F29F22 /* Controller */,
				847A31C01E0385C300F29F22 /* AppDelegate.swift */,
				847A31C41E0385C300F29F22 /* Main.storyboard */,
				847A31CA1E0385C300F29F22 /* Assets.xcassets */,
				847A31CC1E0385C300F29F22 /* LaunchScreen.storyboard */,
				847A32031E03974400F29F22 /* client_613016079364-g6425l1mrlu5nvkra04kgcuqbekg7g87.apps.googleusercontent.com.plist */,
				847A31CF1E0385C300F29F22 /* Info.plist */,
				847A31C71E0385C300F29F22 /* VieTaxi_Chofer.xcdatamodeld */,
				844F0E6C1E0A6FB000C04575 /* VieTaxi-Bridging-Header.h */,
				844F0E641E0A6F7A00C04575 /* libCardIO.a */,
				844F0E651E0A6F7A00C04575 /* libopencv_imgproc.a */,
				844F0E661E0A6F7A00C04575 /* libPayPalMobile.a */,
				844F0E671E0A6F7A00C04575 /* PagoController.a */,
			);
			path = "VieTaxi-Chofer";
			sourceTree = "<group>";
		};
		847A31D71E0385C400F29F22 /* VieTaxi-ChoferTests */ = {
			isa = PBXGroup;
			children = (
				847A31D81E0385C400F29F22 /* VieTaxi_ChoferTests.swift */,
				847A31DA1E0385C400F29F22 /* Info.plist */,
			);
			path = "VieTaxi-ChoferTests";
			sourceTree = "<group>";
		};
		847A31E21E0385C400F29F22 /* VieTaxi-ChoferUITests */ = {
			isa = PBXGroup;
			children = (
				847A31E31E0385C400F29F22 /* VieTaxi_ChoferUITests.swift */,
				847A31E51E0385C400F29F22 /* Info.plist */,
			);
			path = "VieTaxi-ChoferUITests";
			sourceTree = "<group>";
		};
		847A32011E03872700F29F22 /* Controller */ = {
			isa = PBXGroup;
			children = (
				844F0E6E1E0A716700C04575 /* EvironmentController.swift */,
				847A31F11E03871E00F29F22 /* GoogleMapsDirections.swift */,
				847A31F21E03871E00F29F22 /* GoogleMapsExtension.swift */,
				847A31F31E03871E00F29F22 /* Helpers.swift */,
				847A31F41E03871E00F29F22 /* LoginController.swift */,
				847A31F51E03871E00F29F22 /* ProfileController.swift */,
				847A31F61E03871E00F29F22 /* RegisterController.swift */,
				847A31F71E03871E00F29F22 /* TabBarSelectedController.swift */,
				847A31F81E03871E00F29F22 /* ViajesController.swift */,
				848B568D1E0469A60027983E /* CarController.swift */,
				848D0FF01E15650D00AA617E /* PhoneController.swift */,
			);
			name = Controller;
			sourceTree = "<group>";
		};
		C3DE99A94A4CCFB2B4000CB4 /* Pods */ = {
			isa = PBXGroup;
			children = (
				B0B32021884A920BE17804D7 /* Pods-VieTaxi-Chofer.debug.xcconfig */,
				C31123E03F03DD74C3CFD25A /* Pods-VieTaxi-Chofer.release.xcconfig */,
			);
			name = Pods;
			sourceTree = "<group>";
		};
/* End PBXGroup section */

/* Begin PBXNativeTarget section */
		847A31BC1E0385C300F29F22 /* VieTaxi-Chofer */ = {
			isa = PBXNativeTarget;
			buildConfigurationList = 847A31E81E0385C400F29F22 /* Build configuration list for PBXNativeTarget "VieTaxi-Chofer" */;
			buildPhases = (
				D2181DE372C736E03F84A030 /* [CP] Check Pods Manifest.lock */,
				847A31B91E0385C300F29F22 /* Sources */,
				847A31BA1E0385C300F29F22 /* Frameworks */,
				847A31BB1E0385C300F29F22 /* Resources */,
				B73350EF17F2049BFA9B077C /* [CP] Embed Pods Frameworks */,
				9EEDC92A41C70CADE9E02BC5 /* [CP] Copy Pods Resources */,
				847A32021E038C8400F29F22 /* ShellScript */,
			);
			buildRules = (
			);
			dependencies = (
			);
			name = "VieTaxi-Chofer";
			productName = "VieTaxi-Chofer";
			productReference = 847A31BD1E0385C300F29F22 /* VieTaxi-Chofer.app */;
			productType = "com.apple.product-type.application";
		};
		847A31D31E0385C400F29F22 /* VieTaxi-ChoferTests */ = {
			isa = PBXNativeTarget;
			buildConfigurationList = 847A31EB1E0385C400F29F22 /* Build configuration list for PBXNativeTarget "VieTaxi-ChoferTests" */;
			buildPhases = (
				847A31D01E0385C400F29F22 /* Sources */,
				847A31D11E0385C400F29F22 /* Frameworks */,
				847A31D21E0385C400F29F22 /* Resources */,
			);
			buildRules = (
			);
			dependencies = (
				847A31D61E0385C400F29F22 /* PBXTargetDependency */,
			);
			name = "VieTaxi-ChoferTests";
			productName = "VieTaxi-ChoferTests";
			productReference = 847A31D41E0385C400F29F22 /* VieTaxi-ChoferTests.xctest */;
			productType = "com.apple.product-type.bundle.unit-test";
		};
		847A31DE1E0385C400F29F22 /* VieTaxi-ChoferUITests */ = {
			isa = PBXNativeTarget;
			buildConfigurationList = 847A31EE1E0385C400F29F22 /* Build configuration list for PBXNativeTarget "VieTaxi-ChoferUITests" */;
			buildPhases = (
				847A31DB1E0385C400F29F22 /* Sources */,
				847A31DC1E0385C400F29F22 /* Frameworks */,
				847A31DD1E0385C400F29F22 /* Resources */,
			);
			buildRules = (
			);
			dependencies = (
				847A31E11E0385C400F29F22 /* PBXTargetDependency */,
			);
			name = "VieTaxi-ChoferUITests";
			productName = "VieTaxi-ChoferUITests";
			productReference = 847A31DF1E0385C400F29F22 /* VieTaxi-ChoferUITests.xctest */;
			productType = "com.apple.product-type.bundle.ui-testing";
		};
/* End PBXNativeTarget section */

/* Begin PBXProject section */
		847A31B51E0385C300F29F22 /* Project object */ = {
			isa = PBXProject;
			attributes = {
				LastSwiftUpdateCheck = 0810;
				LastUpgradeCheck = 0810;
				ORGANIZATIONNAME = vietaxi;
				TargetAttributes = {
					847A31BC1E0385C300F29F22 = {
						CreatedOnToolsVersion = 8.1;
						DevelopmentTeam = 7962FWHR52;
						ProvisioningStyle = Automatic;
					};
					847A31D31E0385C400F29F22 = {
						CreatedOnToolsVersion = 8.1;
						DevelopmentTeam = 7962FWHR52;
						ProvisioningStyle = Automatic;
						TestTargetID = 847A31BC1E0385C300F29F22;
					};
					847A31DE1E0385C400F29F22 = {
						CreatedOnToolsVersion = 8.1;
						DevelopmentTeam = 7962FWHR52;
						ProvisioningStyle = Automatic;
						TestTargetID = 847A31BC1E0385C300F29F22;
					};
				};
			};
			buildConfigurationList = 847A31B81E0385C300F29F22 /* Build configuration list for PBXProject "VieTaxi-Chofer" */;
			compatibilityVersion = "Xcode 3.2";
			developmentRegion = English;
			hasScannedForEncodings = 0;
			knownRegions = (
				en,
				Base,
			);
			mainGroup = 847A31B41E0385C300F29F22;
			productRefGroup = 847A31BE1E0385C300F29F22 /* Products */;
			projectDirPath = "";
			projectRoot = "";
			targets = (
				847A31BC1E0385C300F29F22 /* VieTaxi-Chofer */,
				847A31D31E0385C400F29F22 /* VieTaxi-ChoferTests */,
				847A31DE1E0385C400F29F22 /* VieTaxi-ChoferUITests */,
			);
		};
/* End PBXProject section */

/* Begin PBXResourcesBuildPhase section */
		847A31BB1E0385C300F29F22 /* Resources */ = {
			isa = PBXResourcesBuildPhase;
			buildActionMask = 2147483647;
			files = (
				844F0E6D1E0A709400C04575 /* VieTaxi-Bridging-Header.h in Resources */,
				847A31CE1E0385C300F29F22 /* LaunchScreen.storyboard in Resources */,
				847A32041E03974400F29F22 /* client_613016079364-g6425l1mrlu5nvkra04kgcuqbekg7g87.apps.googleusercontent.com.plist in Resources */,
				847A31CB1E0385C300F29F22 /* Assets.xcassets in Resources */,
				847A31C61E0385C300F29F22 /* Main.storyboard in Resources */,
			);
			runOnlyForDeploymentPostprocessing = 0;
		};
		847A31D21E0385C400F29F22 /* Resources */ = {
			isa = PBXResourcesBuildPhase;
			buildActionMask = 2147483647;
			files = (
			);
			runOnlyForDeploymentPostprocessing = 0;
		};
		847A31DD1E0385C400F29F22 /* Resources */ = {
			isa = PBXResourcesBuildPhase;
			buildActionMask = 2147483647;
			files = (
			);
			runOnlyForDeploymentPostprocessing = 0;
		};
/* End PBXResourcesBuildPhase section */

/* Begin PBXShellScriptBuildPhase section */
		847A32021E038C8400F29F22 /* ShellScript */ = {
			isa = PBXShellScriptBuildPhase;
			buildActionMask = 2147483647;
			files = (
			);
			inputPaths = (
			);
			outputPaths = (
			);
			runOnlyForDeploymentPostprocessing = 0;
			shellPath = /bin/sh;
			shellScript = "./Fabric.framework/run 358561a1021fee376e0af713d07d6bb85a0f5bd4 b7f6f672850a531a76a514bb5a6b9730c6063d7ba681682c200f4f6c297aa53a";
		};
		9EEDC92A41C70CADE9E02BC5 /* [CP] Copy Pods Resources */ = {
			isa = PBXShellScriptBuildPhase;
			buildActionMask = 2147483647;
			files = (
			);
			inputPaths = (
			);
			name = "[CP] Copy Pods Resources";
			outputPaths = (
			);
			runOnlyForDeploymentPostprocessing = 0;
			shellPath = /bin/sh;
			shellScript = "\"${SRCROOT}/Pods/Target Support Files/Pods-VieTaxi-Chofer/Pods-VieTaxi-Chofer-resources.sh\"\n";
			showEnvVarsInLog = 0;
		};
		B73350EF17F2049BFA9B077C /* [CP] Embed Pods Frameworks */ = {
			isa = PBXShellScriptBuildPhase;
			buildActionMask = 2147483647;
			files = (
			);
			inputPaths = (
			);
			name = "[CP] Embed Pods Frameworks";
			outputPaths = (
			);
			runOnlyForDeploymentPostprocessing = 0;
			shellPath = /bin/sh;
			shellScript = "\"${SRCROOT}/Pods/Target Support Files/Pods-VieTaxi-Chofer/Pods-VieTaxi-Chofer-frameworks.sh\"\n";
			showEnvVarsInLog = 0;
		};
		D2181DE372C736E03F84A030 /* [CP] Check Pods Manifest.lock */ = {
			isa = PBXShellScriptBuildPhase;
			buildActionMask = 2147483647;
			files = (
			);
			inputPaths = (
			);
			name = "[CP] Check Pods Manifest.lock";
			outputPaths = (
			);
			runOnlyForDeploymentPostprocessing = 0;
			shellPath = /bin/sh;
			shellScript = "diff \"${PODS_ROOT}/../Podfile.lock\" \"${PODS_ROOT}/Manifest.lock\" > /dev/null\nif [ $? != 0 ] ; then\n    # print error to STDERR\n    echo \"error: The sandbox is not in sync with the Podfile.lock. Run 'pod install' or update your CocoaPods installation.\" >&2\n    exit 1\nfi\n";
			showEnvVarsInLog = 0;
		};
/* End PBXShellScriptBuildPhase section */

/* Begin PBXSourcesBuildPhase section */
		847A31B91E0385C300F29F22 /* Sources */ = {
			isa = PBXSourcesBuildPhase;
			buildActionMask = 2147483647;
			files = (
				847A31FD1E03871E00F29F22 /* ProfileController.swift in Sources */,
				847A31F91E03871E00F29F22 /* GoogleMapsDirections.swift in Sources */,
				847A31FC1E03871E00F29F22 /* LoginController.swift in Sources */,
				847A31C91E0385C300F29F22 /* VieTaxi_Chofer.xcdatamodeld in Sources */,
				844F0E6F1E0A716700C04575 /* EvironmentController.swift in Sources */,
				848D0FF11E15650D00AA617E /* PhoneController.swift in Sources */,
				847A31FF1E03871E00F29F22 /* TabBarSelectedController.swift in Sources */,
				847A31FE1E03871E00F29F22 /* RegisterController.swift in Sources */,
				847A31C11E0385C300F29F22 /* AppDelegate.swift in Sources */,
				847A31FB1E03871E00F29F22 /* Helpers.swift in Sources */,
				848B568E1E0469A70027983E /* CarController.swift in Sources */,
				847A31FA1E03871E00F29F22 /* GoogleMapsExtension.swift in Sources */,
				847A32001E03871E00F29F22 /* ViajesController.swift in Sources */,
			);
			runOnlyForDeploymentPostprocessing = 0;
		};
		847A31D01E0385C400F29F22 /* Sources */ = {
			isa = PBXSourcesBuildPhase;
			buildActionMask = 2147483647;
			files = (
				847A31D91E0385C400F29F22 /* VieTaxi_ChoferTests.swift in Sources */,
			);
			runOnlyForDeploymentPostprocessing = 0;
		};
		847A31DB1E0385C400F29F22 /* Sources */ = {
			isa = PBXSourcesBuildPhase;
			buildActionMask = 2147483647;
			files = (
				847A31E41E0385C400F29F22 /* VieTaxi_ChoferUITests.swift in Sources */,
			);
			runOnlyForDeploymentPostprocessing = 0;
		};
/* End PBXSourcesBuildPhase section */

/* Begin PBXTargetDependency section */
		847A31D61E0385C400F29F22 /* PBXTargetDependency */ = {
			isa = PBXTargetDependency;
			target = 847A31BC1E0385C300F29F22 /* VieTaxi-Chofer */;
			targetProxy = 847A31D51E0385C400F29F22 /* PBXContainerItemProxy */;
		};
		847A31E11E0385C400F29F22 /* PBXTargetDependency */ = {
			isa = PBXTargetDependency;
			target = 847A31BC1E0385C300F29F22 /* VieTaxi-Chofer */;
			targetProxy = 847A31E01E0385C400F29F22 /* PBXContainerItemProxy */;
		};
/* End PBXTargetDependency section */

/* Begin PBXVariantGroup section */
		847A31C41E0385C300F29F22 /* Main.storyboard */ = {
			isa = PBXVariantGroup;
			children = (
				847A31C51E0385C300F29F22 /* Base */,
			);
			name = Main.storyboard;
			sourceTree = "<group>";
		};
		847A31CC1E0385C300F29F22 /* LaunchScreen.storyboard */ = {
			isa = PBXVariantGroup;
			children = (
				847A31CD1E0385C300F29F22 /* Base */,
			);
			name = LaunchScreen.storyboard;
			sourceTree = "<group>";
		};
/* End PBXVariantGroup section */

/* Begin XCBuildConfiguration section */
		847A31E61E0385C400F29F22 /* Debug */ = {
			isa = XCBuildConfiguration;
			buildSettings = {
				ALWAYS_SEARCH_USER_PATHS = NO;
				CLANG_ANALYZER_NONNULL = YES;
				CLANG_CXX_LANGUAGE_STANDARD = "gnu++0x";
				CLANG_CXX_LIBRARY = "libc++";
				CLANG_ENABLE_MODULES = YES;
				CLANG_ENABLE_OBJC_ARC = YES;
				CLANG_WARN_BOOL_CONVERSION = YES;
				CLANG_WARN_CONSTANT_CONVERSION = YES;
				CLANG_WARN_DIRECT_OBJC_ISA_USAGE = YES_ERROR;
				CLANG_WARN_DOCUMENTATION_COMMENTS = YES;
				CLANG_WARN_EMPTY_BODY = YES;
				CLANG_WARN_ENUM_CONVERSION = YES;
				CLANG_WARN_INFINITE_RECURSION = YES;
				CLANG_WARN_INT_CONVERSION = YES;
				CLANG_WARN_OBJC_ROOT_CLASS = YES_ERROR;
				CLANG_WARN_SUSPICIOUS_MOVES = YES;
				CLANG_WARN_UNREACHABLE_CODE = YES;
				CLANG_WARN__DUPLICATE_METHOD_MATCH = YES;
				"CODE_SIGN_IDENTITY[sdk=iphoneos*]" = "iPhone Developer";
				COPY_PHASE_STRIP = NO;
				DEBUG_INFORMATION_FORMAT = dwarf;
				ENABLE_STRICT_OBJC_MSGSEND = YES;
				ENABLE_TESTABILITY = YES;
				GCC_C_LANGUAGE_STANDARD = gnu99;
				GCC_DYNAMIC_NO_PIC = NO;
				GCC_NO_COMMON_BLOCKS = YES;
				GCC_OPTIMIZATION_LEVEL = 0;
				GCC_PREPROCESSOR_DEFINITIONS = (
					"DEBUG=1",
					"$(inherited)",
				);
				GCC_WARN_64_TO_32_BIT_CONVERSION = YES;
				GCC_WARN_ABOUT_RETURN_TYPE = YES_ERROR;
				GCC_WARN_UNDECLARED_SELECTOR = YES;
				GCC_WARN_UNINITIALIZED_AUTOS = YES_AGGRESSIVE;
				GCC_WARN_UNUSED_FUNCTION = YES;
				GCC_WARN_UNUSED_VARIABLE = YES;
				IPHONEOS_DEPLOYMENT_TARGET = 10.1;
				MTL_ENABLE_DEBUG_INFO = YES;
				ONLY_ACTIVE_ARCH = YES;
				SDKROOT = iphoneos;
				SWIFT_ACTIVE_COMPILATION_CONDITIONS = DEBUG;
				SWIFT_OBJC_BRIDGING_HEADER = "VieTaxi-Bridging-Header.h";
				SWIFT_OPTIMIZATION_LEVEL = "-Onone";
				TARGETED_DEVICE_FAMILY = "1,2";
			};
			name = Debug;
		};
		847A31E71E0385C400F29F22 /* Release */ = {
			isa = XCBuildConfiguration;
			buildSettings = {
				ALWAYS_SEARCH_USER_PATHS = NO;
				CLANG_ANALYZER_NONNULL = YES;
				CLANG_CXX_LANGUAGE_STANDARD = "gnu++0x";
				CLANG_CXX_LIBRARY = "libc++";
				CLANG_ENABLE_MODULES = YES;
				CLANG_ENABLE_OBJC_ARC = YES;
				CLANG_WARN_BOOL_CONVERSION = YES;
				CLANG_WARN_CONSTANT_CONVERSION = YES;
				CLANG_WARN_DIRECT_OBJC_ISA_USAGE = YES_ERROR;
				CLANG_WARN_DOCUMENTATION_COMMENTS = YES;
				CLANG_WARN_EMPTY_BODY = YES;
				CLANG_WARN_ENUM_CONVERSION = YES;
				CLANG_WARN_INFINITE_RECURSION = YES;
				CLANG_WARN_INT_CONVERSION = YES;
				CLANG_WARN_OBJC_ROOT_CLASS = YES_ERROR;
				CLANG_WARN_SUSPICIOUS_MOVES = YES;
				CLANG_WARN_UNREACHABLE_CODE = YES;
				CLANG_WARN__DUPLICATE_METHOD_MATCH = YES;
				"CODE_SIGN_IDENTITY[sdk=iphoneos*]" = "iPhone Developer";
				COPY_PHASE_STRIP = NO;
				DEBUG_INFORMATION_FORMAT = "dwarf-with-dsym";
				ENABLE_NS_ASSERTIONS = NO;
				ENABLE_STRICT_OBJC_MSGSEND = YES;
				GCC_C_LANGUAGE_STANDARD = gnu99;
				GCC_NO_COMMON_BLOCKS = YES;
				GCC_WARN_64_TO_32_BIT_CONVERSION = YES;
				GCC_WARN_ABOUT_RETURN_TYPE = YES_ERROR;
				GCC_WARN_UNDECLARED_SELECTOR = YES;
				GCC_WARN_UNINITIALIZED_AUTOS = YES_AGGRESSIVE;
				GCC_WARN_UNUSED_FUNCTION = YES;
				GCC_WARN_UNUSED_VARIABLE = YES;
				IPHONEOS_DEPLOYMENT_TARGET = 10.1;
				MTL_ENABLE_DEBUG_INFO = NO;
				SDKROOT = iphoneos;
				SWIFT_OBJC_BRIDGING_HEADER = "VieTaxi-Bridging-Header.h";
				SWIFT_OPTIMIZATION_LEVEL = "-Owholemodule";
				TARGETED_DEVICE_FAMILY = "1,2";
				VALIDATE_PRODUCT = YES;
			};
			name = Release;
		};
		847A31E91E0385C400F29F22 /* Debug */ = {
			isa = XCBuildConfiguration;
			baseConfigurationReference = B0B32021884A920BE17804D7 /* Pods-VieTaxi-Chofer.debug.xcconfig */;
			buildSettings = {
				ASSETCATALOG_COMPILER_APPICON_NAME = AppIcon;
				CLANG_WARN_INFINITE_RECURSION = NO;
				CLANG_WARN_SUSPICIOUS_MOVES = NO;
				DEVELOPMENT_TEAM = 7962FWHR52;
				GCC_NO_COMMON_BLOCKS = NO;
				INFOPLIST_FILE = "VieTaxi-Chofer/Info.plist";
				IPHONEOS_DEPLOYMENT_TARGET = 9.3;
				LD_RUNPATH_SEARCH_PATHS = "$(inherited) @executable_path/Frameworks";
				LIBRARY_SEARCH_PATHS = (
					"$(inherited)",
					"$(PROJECT_DIR)/VieTaxi-Chofer",
				);
				PRODUCT_BUNDLE_IDENTIFIER = "vietaxi.VieTaxi-Chofer";
				PRODUCT_NAME = "$(TARGET_NAME)";
				SWIFT_VERSION = 3.0;
			};
			name = Debug;
		};
		847A31EA1E0385C400F29F22 /* Release */ = {
			isa = XCBuildConfiguration;
			baseConfigurationReference = C31123E03F03DD74C3CFD25A /* Pods-VieTaxi-Chofer.release.xcconfig */;
			buildSettings = {
				ASSETCATALOG_COMPILER_APPICON_NAME = AppIcon;
				CLANG_WARN_INFINITE_RECURSION = NO;
				CLANG_WARN_SUSPICIOUS_MOVES = NO;
				DEVELOPMENT_TEAM = 7962FWHR52;
				GCC_NO_COMMON_BLOCKS = NO;
				INFOPLIST_FILE = "VieTaxi-Chofer/Info.plist";
				IPHONEOS_DEPLOYMENT_TARGET = 9.3;
				LD_RUNPATH_SEARCH_PATHS = "$(inherited) @executable_path/Frameworks";
				LIBRARY_SEARCH_PATHS = (
					"$(inherited)",
					"$(PROJECT_DIR)/VieTaxi-Chofer",
				);
				PRODUCT_BUNDLE_IDENTIFIER = "vietaxi.VieTaxi-Chofer";
				PRODUCT_NAME = "$(TARGET_NAME)";
				SWIFT_VERSION = 3.0;
			};
			name = Release;
		};
		847A31EC1E0385C400F29F22 /* Debug */ = {
			isa = XCBuildConfiguration;
			buildSettings = {
				ALWAYS_EMBED_SWIFT_STANDARD_LIBRARIES = YES;
				BUNDLE_LOADER = "$(TEST_HOST)";
				DEVELOPMENT_TEAM = 7962FWHR52;
				INFOPLIST_FILE = "VieTaxi-ChoferTests/Info.plist";
				LD_RUNPATH_SEARCH_PATHS = "$(inherited) @executable_path/Frameworks @loader_path/Frameworks";
				PRODUCT_BUNDLE_IDENTIFIER = "vietaxi.VieTaxi-ChoferTests";
				PRODUCT_NAME = "$(TARGET_NAME)";
				SWIFT_VERSION = 3.0;
				TEST_HOST = "$(BUILT_PRODUCTS_DIR)/VieTaxi-Chofer.app/VieTaxi-Chofer";
			};
			name = Debug;
		};
		847A31ED1E0385C400F29F22 /* Release */ = {
			isa = XCBuildConfiguration;
			buildSettings = {
				ALWAYS_EMBED_SWIFT_STANDARD_LIBRARIES = YES;
				BUNDLE_LOADER = "$(TEST_HOST)";
				DEVELOPMENT_TEAM = 7962FWHR52;
				INFOPLIST_FILE = "VieTaxi-ChoferTests/Info.plist";
				LD_RUNPATH_SEARCH_PATHS = "$(inherited) @executable_path/Frameworks @loader_path/Frameworks";
				PRODUCT_BUNDLE_IDENTIFIER = "vietaxi.VieTaxi-ChoferTests";
				PRODUCT_NAME = "$(TARGET_NAME)";
				SWIFT_VERSION = 3.0;
				TEST_HOST = "$(BUILT_PRODUCTS_DIR)/VieTaxi-Chofer.app/VieTaxi-Chofer";
			};
			name = Release;
		};
		847A31EF1E0385C400F29F22 /* Debug */ = {
			isa = XCBuildConfiguration;
			buildSettings = {
				ALWAYS_EMBED_SWIFT_STANDARD_LIBRARIES = YES;
				DEVELOPMENT_TEAM = 7962FWHR52;
				INFOPLIST_FILE = "VieTaxi-ChoferUITests/Info.plist";
				LD_RUNPATH_SEARCH_PATHS = "$(inherited) @executable_path/Frameworks @loader_path/Frameworks";
				PRODUCT_BUNDLE_IDENTIFIER = "vietaxi.VieTaxi-ChoferUITests";
				PRODUCT_NAME = "$(TARGET_NAME)";
				SWIFT_VERSION = 3.0;
				TEST_TARGET_NAME = "VieTaxi-Chofer";
			};
			name = Debug;
		};
		847A31F01E0385C400F29F22 /* Release */ = {
			isa = XCBuildConfiguration;
			buildSettings = {
				ALWAYS_EMBED_SWIFT_STANDARD_LIBRARIES = YES;
				DEVELOPMENT_TEAM = 7962FWHR52;
				INFOPLIST_FILE = "VieTaxi-ChoferUITests/Info.plist";
				LD_RUNPATH_SEARCH_PATHS = "$(inherited) @executable_path/Frameworks @loader_path/Frameworks";
				PRODUCT_BUNDLE_IDENTIFIER = "vietaxi.VieTaxi-ChoferUITests";
				PRODUCT_NAME = "$(TARGET_NAME)";
				SWIFT_VERSION = 3.0;
				TEST_TARGET_NAME = "VieTaxi-Chofer";
			};
			name = Release;
		};
/* End XCBuildConfiguration section */

/* Begin XCConfigurationList section */
		847A31B81E0385C300F29F22 /* Build configuration list for PBXProject "VieTaxi-Chofer" */ = {
			isa = XCConfigurationList;
			buildConfigurations = (
				847A31E61E0385C400F29F22 /* Debug */,
				847A31E71E0385C400F29F22 /* Release */,
			);
			defaultConfigurationIsVisible = 0;
			defaultConfigurationName = Release;
		};
		847A31E81E0385C400F29F22 /* Build configuration list for PBXNativeTarget "VieTaxi-Chofer" */ = {
			isa = XCConfigurationList;
			buildConfigurations = (
				847A31E91E0385C400F29F22 /* Debug */,
				847A31EA1E0385C400F29F22 /* Release */,
			);
			defaultConfigurationIsVisible = 0;
			defaultConfigurationName = Release;
		};
		847A31EB1E0385C400F29F22 /* Build configuration list for PBXNativeTarget "VieTaxi-ChoferTests" */ = {
			isa = XCConfigurationList;
			buildConfigurations = (
				847A31EC1E0385C400F29F22 /* Debug */,
				847A31ED1E0385C400F29F22 /* Release */,
			);
			defaultConfigurationIsVisible = 0;
			defaultConfigurationName = Release;
		};
		847A31EE1E0385C400F29F22 /* Build configuration list for PBXNativeTarget "VieTaxi-ChoferUITests" */ = {
			isa = XCConfigurationList;
			buildConfigurations = (
				847A31EF1E0385C400F29F22 /* Debug */,
				847A31F01E0385C400F29F22 /* Release */,
			);
			defaultConfigurationIsVisible = 0;
			defaultConfigurationName = Release;
		};
/* End XCConfigurationList section */

/* Begin XCVersionGroup section */
		847A31C71E0385C300F29F22 /* VieTaxi_Chofer.xcdatamodeld */ = {
			isa = XCVersionGroup;
			children = (
				847A31C81E0385C300F29F22 /* VieTaxi_Chofer.xcdatamodel */,
			);
			currentVersion = 847A31C81E0385C300F29F22 /* VieTaxi_Chofer.xcdatamodel */;
			path = VieTaxi_Chofer.xcdatamodeld;
			sourceTree = "<group>";
			versionGroupType = wrapper.xcdatamodel;
		};
/* End XCVersionGroup section */
	};
	rootObject = 847A31B51E0385C300F29F22 /* Project object */;
}
